
Microsoft Visual Studio Solution File, Format Version 12.00
# Visual Studio Version 17
VisualStudioVersion = 17.4.33213.308
MinimumVisualStudioVersion = 10.0.40219.1
Project("{FAE04EC0-301F-11D3-BF4B-00C04F79EFBC}") = "Laborotorio03_04", "Laborotorio03_04\Laborotorio03_04.csproj", "{DCED1474-854D-43E2-885F-8668DA4BF20C}"
EndProject
Global
	GlobalSection(SolutionConfigurationPlatforms) = preSolution
		Debug|Any CPU = Debug|Any CPU
		Release|Any CPU = Release|Any CPU
	EndGlobalSection
	GlobalSection(ProjectConfigurationPlatforms) = postSolution
		{DCED1474-854D-43E2-885F-8668DA4BF20C}.Debug|Any CPU.ActiveCfg = Debug|Any CPU
		{DCED1474-854D-43E2-885F-8668DA4BF20C}.Debug|Any CPU.Build.0 = Debug|Any CPU
		{DCED1474-854D-43E2-885F-8668DA4BF20C}.Release|Any CPU.ActiveCfg = Release|Any CPU
		{DCED1474-854D-43E2-885F-8668DA4BF20C}.Release|Any CPU.Build.0 = Release|Any CPU
	EndGlobalSection
	GlobalSection(SolutionProperties) = preSolution
		HideSolutionNode = FALSE
	EndGlobalSection
	GlobalSection(ExtensibilityGlobals) = postSolution
		SolutionGuid = {FEE5BE2A-C811-4747-9FD0-2CF51F36D338}
	EndGlobalSection
EndGlobal
