
Microsoft Visual Studio Solution File, Format Version 12.00
# Visual Studio Version 17
VisualStudioVersion = 17.4.33213.308
MinimumVisualStudioVersion = 10.0.40219.1
Project("{FAE04EC0-301F-11D3-BF4B-00C04F79EFBC}") = "T8_DX_1118423", "T8_DX_1118423\T8_DX_1118423.csproj", "{1BCE2DE5-A613-406D-B21D-EF5771E9CFC9}"
EndProject
Global
	GlobalSection(SolutionConfigurationPlatforms) = preSolution
		Debug|Any CPU = Debug|Any CPU
		Release|Any CPU = Release|Any CPU
	EndGlobalSection
	GlobalSection(ProjectConfigurationPlatforms) = postSolution
		{1BCE2DE5-A613-406D-B21D-EF5771E9CFC9}.Debug|Any CPU.ActiveCfg = Debug|Any CPU
		{1BCE2DE5-A613-406D-B21D-EF5771E9CFC9}.Debug|Any CPU.Build.0 = Debug|Any CPU
		{1BCE2DE5-A613-406D-B21D-EF5771E9CFC9}.Release|Any CPU.ActiveCfg = Release|Any CPU
		{1BCE2DE5-A613-406D-B21D-EF5771E9CFC9}.Release|Any CPU.Build.0 = Release|Any CPU
	EndGlobalSection
	GlobalSection(SolutionProperties) = preSolution
		HideSolutionNode = FALSE
	EndGlobalSection
	GlobalSection(ExtensibilityGlobals) = postSolution
		SolutionGuid = {869273BE-215C-4548-ABA8-C655499DE156}
	EndGlobalSection
EndGlobal
